github.com/alecthomas/kong v0.8.1 h1:acZdn3m4lLRobeh3Zi2S2EpnXTd1mOL6U7xVml+vfkY=
github.com/alecthomas/kong v0.8.1/go.mod h1:n1iCIO2xS46oE8ZfYCNDqdR0b0wZNrXAIAqro/2132U=
github.com/sendgrid/rest v2.6.9+incompatible h1:1EyIcsNdn9KIisLW50MKwmSRSK+ekueiEMJ7NEoxJo0=
github.com/sendgrid/rest v2.6.9+incompatible/go.mod h1:kXX7q3jZtJXK5c5qK83bSGMdV6tsOE70KbHoqJls4lE=
github.com/sendgrid/sendgrid-go v3.14.0+incompatible h1:KDSasSTktAqMJCYClHVE94Fcif2i7P7wzISv1sU6DUA=
github.com/sendgrid/sendgrid-go v3.14.0+incompatible/go.mod h1:QRQt+LX/NmgVEvmdRw0VT/QgUn499+iza2FnDca9fg8=
